
Microsoft Visual Studio Solution File, Format Version 12.00
# Visual Studio Version 16
VisualStudioVersion = 16.0.28705.295
MinimumVisualStudioVersion = 10.0.40219.1
Project("{9A19103F-16F7-4668-BE54-9A1E7A4F7556}") = "NetTally", "NetTally\NetTally.csproj", "{5F9B045C-3D5B-4111-82F8-99BFE8B3D7F9}"
EndProject
Project("{9A19103F-16F7-4668-BE54-9A1E7A4F7556}") = "NetTally.Core", "NetTally.Core\NetTally.Core.csproj", "{037E6032-88E9-4861-AB1F-42EC39859ECB}"
EndProject
Project("{9A19103F-16F7-4668-BE54-9A1E7A4F7556}") = "NetTally.Console", "NetTally.Console\NetTally.Console.csproj", "{4B3E4098-7D56-4D51-B2F0-8EE02B1E7BB2}"
EndProject
Project("{9A19103F-16F7-4668-BE54-9A1E7A4F7556}") = "NetTally.Tests", "NetTally.Tests\NetTally.Tests.csproj", "{FCE669D2-600F-401B-8C17-C7FA5F40860D}"
EndProject
Project("{9A19103F-16F7-4668-BE54-9A1E7A4F7556}") = "NetTally.Avalonia", "NetTally.Avalonia\NetTally.Avalonia.csproj", "{F94BA2BB-69C6-4B29-BCD3-85A8D7D48412}"
EndProject
Global
	GlobalSection(SolutionConfigurationPlatforms) = preSolution
		Debug|Any CPU = Debug|Any CPU
		Debug|x64 = Debug|x64
		Debug|x86 = Debug|x86
		Release|Any CPU = Release|Any CPU
		Release|x64 = Release|x64
		Release|x86 = Release|x86
	EndGlobalSection
	GlobalSection(ProjectConfigurationPlatforms) = postSolution
		{5F9B045C-3D5B-4111-82F8-99BFE8B3D7F9}.Debug|Any CPU.ActiveCfg = Debug|Any CPU
		{5F9B045C-3D5B-4111-82F8-99BFE8B3D7F9}.Debug|Any CPU.Build.0 = Debug|Any CPU
		{5F9B045C-3D5B-4111-82F8-99BFE8B3D7F9}.Debug|x64.ActiveCfg = Debug|Any CPU
		{5F9B045C-3D5B-4111-82F8-99BFE8B3D7F9}.Debug|x64.Build.0 = Debug|Any CPU
		{5F9B045C-3D5B-4111-82F8-99BFE8B3D7F9}.Debug|x86.ActiveCfg = Debug|Any CPU
		{5F9B045C-3D5B-4111-82F8-99BFE8B3D7F9}.Debug|x86.Build.0 = Debug|Any CPU
		{5F9B045C-3D5B-4111-82F8-99BFE8B3D7F9}.Release|Any CPU.ActiveCfg = Release|Any CPU
		{5F9B045C-3D5B-4111-82F8-99BFE8B3D7F9}.Release|Any CPU.Build.0 = Release|Any CPU
		{5F9B045C-3D5B-4111-82F8-99BFE8B3D7F9}.Release|x64.ActiveCfg = Release|Any CPU
		{5F9B045C-3D5B-4111-82F8-99BFE8B3D7F9}.Release|x64.Build.0 = Release|Any CPU
		{5F9B045C-3D5B-4111-82F8-99BFE8B3D7F9}.Release|x86.ActiveCfg = Release|Any CPU
		{5F9B045C-3D5B-4111-82F8-99BFE8B3D7F9}.Release|x86.Build.0 = Release|Any CPU
		{037E6032-88E9-4861-AB1F-42EC39859ECB}.Debug|Any CPU.ActiveCfg = Debug|Any CPU
		{037E6032-88E9-4861-AB1F-42EC39859ECB}.Debug|Any CPU.Build.0 = Debug|Any CPU
		{037E6032-88E9-4861-AB1F-42EC39859ECB}.Debug|x64.ActiveCfg = Debug|Any CPU
		{037E6032-88E9-4861-AB1F-42EC39859ECB}.Debug|x64.Build.0 = Debug|Any CPU
		{037E6032-88E9-4861-AB1F-42EC39859ECB}.Debug|x86.ActiveCfg = Debug|Any CPU
		{037E6032-88E9-4861-AB1F-42EC39859ECB}.Debug|x86.Build.0 = Debug|Any CPU
		{037E6032-88E9-4861-AB1F-42EC39859ECB}.Release|Any CPU.ActiveCfg = Release|Any CPU
		{037E6032-88E9-4861-AB1F-42EC39859ECB}.Release|Any CPU.Build.0 = Release|Any CPU
		{037E6032-88E9-4861-AB1F-42EC39859ECB}.Release|x64.ActiveCfg = Release|Any CPU
		{037E6032-88E9-4861-AB1F-42EC39859ECB}.Release|x64.Build.0 = Release|Any CPU
		{037E6032-88E9-4861-AB1F-42EC39859ECB}.Release|x86.ActiveCfg = Release|Any CPU
		{037E6032-88E9-4861-AB1F-42EC39859ECB}.Release|x86.Build.0 = Release|Any CPU
		{4B3E4098-7D56-4D51-B2F0-8EE02B1E7BB2}.Debug|Any CPU.ActiveCfg = Debug|Any CPU
		{4B3E4098-7D56-4D51-B2F0-8EE02B1E7BB2}.Debug|Any CPU.Build.0 = Debug|Any CPU
		{4B3E4098-7D56-4D51-B2F0-8EE02B1E7BB2}.Debug|x64.ActiveCfg = Debug|Any CPU
		{4B3E4098-7D56-4D51-B2F0-8EE02B1E7BB2}.Debug|x64.Build.0 = Debug|Any CPU
		{4B3E4098-7D56-4D51-B2F0-8EE02B1E7BB2}.Debug|x86.ActiveCfg = Debug|Any CPU
		{4B3E4098-7D56-4D51-B2F0-8EE02B1E7BB2}.Debug|x86.Build.0 = Debug|Any CPU
		{4B3E4098-7D56-4D51-B2F0-8EE02B1E7BB2}.Release|Any CPU.ActiveCfg = Release|Any CPU
		{4B3E4098-7D56-4D51-B2F0-8EE02B1E7BB2}.Release|Any CPU.Build.0 = Release|Any CPU
		{4B3E4098-7D56-4D51-B2F0-8EE02B1E7BB2}.Release|x64.ActiveCfg = Release|Any CPU
		{4B3E4098-7D56-4D51-B2F0-8EE02B1E7BB2}.Release|x64.Build.0 = Release|Any CPU
		{4B3E4098-7D56-4D51-B2F0-8EE02B1E7BB2}.Release|x86.ActiveCfg = Release|Any CPU
		{4B3E4098-7D56-4D51-B2F0-8EE02B1E7BB2}.Release|x86.Build.0 = Release|Any CPU
		{FCE669D2-600F-401B-8C17-C7FA5F40860D}.Debug|Any CPU.ActiveCfg = Debug|Any CPU
		{FCE669D2-600F-401B-8C17-C7FA5F40860D}.Debug|Any CPU.Build.0 = Debug|Any CPU
		{FCE669D2-600F-401B-8C17-C7FA5F40860D}.Debug|x64.ActiveCfg = Debug|Any CPU
		{FCE669D2-600F-401B-8C17-C7FA5F40860D}.Debug|x64.Build.0 = Debug|Any CPU
		{FCE669D2-600F-401B-8C17-C7FA5F40860D}.Debug|x86.ActiveCfg = Debug|Any CPU
		{FCE669D2-600F-401B-8C17-C7FA5F40860D}.Debug|x86.Build.0 = Debug|Any CPU
		{FCE669D2-600F-401B-8C17-C7FA5F40860D}.Release|Any CPU.ActiveCfg = Release|Any CPU
		{FCE669D2-600F-401B-8C17-C7FA5F40860D}.Release|Any CPU.Build.0 = Release|Any CPU
		{FCE669D2-600F-401B-8C17-C7FA5F40860D}.Release|x64.ActiveCfg = Release|Any CPU
		{FCE669D2-600F-401B-8C17-C7FA5F40860D}.Release|x64.Build.0 = Release|Any CPU
		{FCE669D2-600F-401B-8C17-C7FA5F40860D}.Release|x86.ActiveCfg = Release|Any CPU
		{FCE669D2-600F-401B-8C17-C7FA5F40860D}.Release|x86.Build.0 = Release|Any CPU
		{F94BA2BB-69C6-4B29-BCD3-85A8D7D48412}.Debug|Any CPU.ActiveCfg = Debug|Any CPU
		{F94BA2BB-69C6-4B29-BCD3-85A8D7D48412}.Debug|Any CPU.Build.0 = Debug|Any CPU
		{F94BA2BB-69C6-4B29-BCD3-85A8D7D48412}.Debug|x64.ActiveCfg = Debug|Any CPU
		{F94BA2BB-69C6-4B29-BCD3-85A8D7D48412}.Debug|x64.Build.0 = Debug|Any CPU
		{F94BA2BB-69C6-4B29-BCD3-85A8D7D48412}.Debug|x86.ActiveCfg = Debug|Any CPU
		{F94BA2BB-69C6-4B29-BCD3-85A8D7D48412}.Debug|x86.Build.0 = Debug|Any CPU
		{F94BA2BB-69C6-4B29-BCD3-85A8D7D48412}.Release|Any CPU.ActiveCfg = Release|Any CPU
		{F94BA2BB-69C6-4B29-BCD3-85A8D7D48412}.Release|Any CPU.Build.0 = Release|Any CPU
		{F94BA2BB-69C6-4B29-BCD3-85A8D7D48412}.Release|x64.ActiveCfg = Release|Any CPU
		{F94BA2BB-69C6-4B29-BCD3-85A8D7D48412}.Release|x64.Build.0 = Release|Any CPU
		{F94BA2BB-69C6-4B29-BCD3-85A8D7D48412}.Release|x86.ActiveCfg = Release|Any CPU
		{F94BA2BB-69C6-4B29-BCD3-85A8D7D48412}.Release|x86.Build.0 = Release|Any CPU
	EndGlobalSection
	GlobalSection(SolutionProperties) = preSolution
		HideSolutionNode = FALSE
	EndGlobalSection
	GlobalSection(ExtensibilityGlobals) = postSolution
		SolutionGuid = {584B4C9D-F8DB-4674-A5FB-495D238F7717}
	EndGlobalSection
EndGlobal
